// !$*UTF8*$!
{
	archiveVersion = 1;
	classes = {
	};
	objectVersion = 50;
	objects = {

/* Begin PBXBuildFile section */
		DF937524223E663C00B9E9DF /* AppDelegate.swift in Sources */ = {isa = PBXBuildFile; fileRef = DF937523223E663C00B9E9DF /* AppDelegate.swift */; };
		DF937526223E663C00B9E9DF /* ViewController.swift in Sources */ = {isa = PBXBuildFile; fileRef = DF937525223E663C00B9E9DF /* ViewController.swift */; };
		DF93752B223E664300B9E9DF /* Assets.xcassets in Resources */ = {isa = PBXBuildFile; fileRef = DF93752A223E664300B9E9DF /* Assets.xcassets */; };
		DF93752E223E664300B9E9DF /* LaunchScreen.storyboard in Resources */ = {isa = PBXBuildFile; fileRef = DF93752C223E664300B9E9DF /* LaunchScreen.storyboard */; };
		DF937536223E668500B9E9DF /* QuestionViewController.swift in Sources */ = {isa = PBXBuildFile; fileRef = DF937535223E668500B9E9DF /* QuestionViewController.swift */; };
		DF937538223E669E00B9E9DF /* ResultViewController.swift in Sources */ = {isa = PBXBuildFile; fileRef = DF937537223E669E00B9E9DF /* ResultViewController.swift */; };
		DF93753B223E66ED00B9E9DF /* Main.storyboard in Resources */ = {isa = PBXBuildFile; fileRef = DF93753A223E66EC00B9E9DF /* Main.storyboard */; };
		DF93753F223E677200B9E9DF /* Question.swift in Sources */ = {isa = PBXBuildFile; fileRef = DF93753D223E677200B9E9DF /* Question.swift */; };
		DF937540223E677200B9E9DF /* Answer.swift in Sources */ = {isa = PBXBuildFile; fileRef = DF93753E223E677200B9E9DF /* Answer.swift */; };
/* End PBXBuildFile section */

/* Begin PBXFileReference section */
		DF937520223E663C00B9E9DF /* 10 years ago test.app */ = {isa = PBXFileReference; explicitFileType = wrapper.application; includeInIndex = 0; path = "10 years ago test.app"; sourceTree = BUILT_PRODUCTS_DIR; };
		DF937523223E663C00B9E9DF /* AppDelegate.swift */ = {isa = PBXFileReference; lastKnownFileType = sourcecode.swift; path = AppDelegate.swift; sourceTree = "<group>"; };
		DF937525223E663C00B9E9DF /* ViewController.swift */ = {isa = PBXFileReference; lastKnownFileType = sourcecode.swift; path = ViewController.swift; sourceTree = "<group>"; };
		DF93752A223E664300B9E9DF /* Assets.xcassets */ = {isa = PBXFileReference; lastKnownFileType = folder.assetcatalog; path = Assets.xcassets; sourceTree = "<group>"; };
		DF93752D223E664300B9E9DF /* Base */ = {isa = PBXFileReference; lastKnownFileType = file.storyboard; name = Base; path = Base.lproj/LaunchScreen.storyboard; sourceTree = "<group>"; };
		DF93752F223E664300B9E9DF /* Info.plist */ = {isa = PBXFileReference; lastKnownFileType = text.plist.xml; path = Info.plist; sourceTree = "<group>"; };
		DF937535223E668500B9E9DF /* QuestionViewController.swift */ = {isa = PBXFileReference; lastKnownFileType = sourcecode.swift; path = QuestionViewController.swift; sourceTree = "<group>"; };
		DF937537223E669E00B9E9DF /* ResultViewController.swift */ = {isa = PBXFileReference; lastKnownFileType = sourcecode.swift; path = ResultViewController.swift; sourceTree = "<group>"; };
		DF93753A223E66EC00B9E9DF /* Main.storyboard */ = {isa = PBXFileReference; fileEncoding = 4; lastKnownFileType = file.storyboard; path = Main.storyboard; sourceTree = "<group>"; };
		DF93753D223E677200B9E9DF /* Question.swift */ = {isa = PBXFileReference; fileEncoding = 4; lastKnownFileType = sourcecode.swift; path = Question.swift; sourceTree = "<group>"; };
		DF93753E223E677200B9E9DF /* Answer.swift */ = {isa = PBXFileReference; fileEncoding = 4; lastKnownFileType = sourcecode.swift; path = Answer.swift; sourceTree = "<group>"; };
/* End PBXFileReference section */

/* Begin PBXFrameworksBuildPhase section */
		DF93751D223E663C00B9E9DF /* Frameworks */ = {
			isa = PBXFrameworksBuildPhase;
			buildActionMask = 2147483647;
			files = (
			);
			runOnlyForDeploymentPostprocessing = 0;
		};
/* End PBXFrameworksBuildPhase section */

/* Begin PBXGroup section */
		DF937517223E663B00B9E9DF = {
			isa = PBXGroup;
			children = (
				DF937522223E663C00B9E9DF /* 10 years ago test */,
				DF937521223E663C00B9E9DF /* Products */,
			);
			sourceTree = "<group>";
		};
		DF937521223E663C00B9E9DF /* Products */ = {
			isa = PBXGroup;
			children = (
				DF937520223E663C00B9E9DF /* 10 years ago test.app */,
			);
			name = Products;
			sourceTree = "<group>";
		};
		DF937522223E663C00B9E9DF /* 10 years ago test */ = {
			isa = PBXGroup;
			children = (
				DF937523223E663C00B9E9DF /* AppDelegate.swift */,
				DF93753C223E677200B9E9DF /* Model */,
				DF937539223E66A400B9E9DF /* View Controllers */,
				DF93753A223E66EC00B9E9DF /* Main.storyboard */,
				DF93752A223E664300B9E9DF /* Assets.xcassets */,
				DF93752C223E664300B9E9DF /* LaunchScreen.storyboard */,
				DF93752F223E664300B9E9DF /* Info.plist */,
			);
			path = "10 years ago test";
			sourceTree = "<group>";
		};
		DF937539223E66A400B9E9DF /* View Controllers */ = {
			isa = PBXGroup;
			children = (
				DF937525223E663C00B9E9DF /* ViewController.swift */,
				DF937535223E668500B9E9DF /* QuestionViewController.swift */,
				DF937537223E669E00B9E9DF /* ResultViewController.swift */,
			);
			path = "View Controllers";
			sourceTree = "<group>";
		};
		DF93753C223E677200B9E9DF /* Model */ = {
			isa = PBXGroup;
			children = (
				DF93753D223E677200B9E9DF /* Question.swift */,
				DF93753E223E677200B9E9DF /* Answer.swift */,
			);
			path = Model;
			sourceTree = "<group>";
		};
/* End PBXGroup section */

/* Begin PBXNativeTarget section */
		DF93751F223E663C00B9E9DF /* 10 years ago test */ = {
			isa = PBXNativeTarget;
			buildConfigurationList = DF937532223E664300B9E9DF /* Build configuration list for PBXNativeTarget "10 years ago test" */;
			buildPhases = (
				DF93751C223E663C00B9E9DF /* Sources */,
				DF93751D223E663C00B9E9DF /* Frameworks */,
				DF93751E223E663C00B9E9DF /* Resources */,
			);
			buildRules = (
			);
			dependencies = (
			);
			name = "10 years ago test";
			productName = "10 years ago test";
			productReference = DF937520223E663C00B9E9DF /* 10 years ago test.app */;
			productType = "com.apple.product-type.application";
		};
/* End PBXNativeTarget section */

/* Begin PBXProject section */
		DF937518223E663B00B9E9DF /* Project object */ = {
			isa = PBXProject;
			attributes = {
				LastSwiftUpdateCheck = 1010;
				LastUpgradeCheck = 1010;
				ORGANIZATIONNAME = "Миронов Влад";
				TargetAttributes = {
					DF93751F223E663C00B9E9DF = {
						CreatedOnToolsVersion = 10.1;
					};
				};
			};
			buildConfigurationList = DF93751B223E663B00B9E9DF /* Build configuration list for PBXProject "10 years ago test" */;
			compatibilityVersion = "Xcode 9.3";
			developmentRegion = en;
			hasScannedForEncodings = 0;
			knownRegions = (
				en,
				Base,
			);
			mainGroup = DF937517223E663B00B9E9DF;
			productRefGroup = DF937521223E663C00B9E9DF /* Products */;
			projectDirPath = "";
			projectRoot = "";
			targets = (
				DF93751F223E663C00B9E9DF /* 10 years ago test */,
			);
		};
/* End PBXProject section */

/* Begin PBXResourcesBuildPhase section */
		DF93751E223E663C00B9E9DF /* Resources */ = {
			isa = PBXResourcesBuildPhase;
			buildActionMask = 2147483647;
			files = (
				DF93752E223E664300B9E9DF /* LaunchScreen.storyboard in Resources */,
				DF93752B223E664300B9E9DF /* Assets.xcassets in Resources */,
				DF93753B223E66ED00B9E9DF /* Main.storyboard in Resources */,
			);
			runOnlyForDeploymentPostprocessing = 0;
		};
/* End PBXResourcesBuildPhase section */

/* Begin PBXSourcesBuildPhase section */
		DF93751C223E663C00B9E9DF /* Sources */ = {
			isa = PBXSourcesBuildPhase;
			buildActionMask = 2147483647;
			files = (
				DF93753F223E677200B9E9DF /* Question.swift in Sources */,
				DF937526223E663C00B9E9DF /* ViewController.swift in Sources */,
				DF937524223E663C00B9E9DF /* AppDelegate.swift in Sources */,
				DF937540223E677200B9E9DF /* Answer.swift in Sources */,
				DF937536223E668500B9E9DF /* QuestionViewController.swift in Sources */,
				DF937538223E669E00B9E9DF /* ResultViewController.swift in Sources */,
			);
			runOnlyForDeploymentPostprocessing = 0;
		};
/* End PBXSourcesBuildPhase section */

/* Begin PBXVariantGroup section */
		DF93752C223E664300B9E9DF /* LaunchScreen.storyboard */ = {
			isa = PBXVariantGroup;
			children = (
				DF93752D223E664300B9E9DF /* Base */,
			);
			name = LaunchScreen.storyboard;
			sourceTree = "<group>";
		};
/* End PBXVariantGroup section */

/* Begin XCBuildConfiguration section */
		DF937530223E664300B9E9DF /* Debug */ = {
			isa = XCBuildConfiguration;
			buildSettings = {
				ALWAYS_SEARCH_USER_PATHS = NO;
				CLANG_ANALYZER_NONNULL = YES;
				CLANG_ANALYZER_NUMBER_OBJECT_CONVERSION = YES_AGGRESSIVE;
				CLANG_CXX_LANGUAGE_STANDARD = "gnu++14";
				CLANG_CXX_LIBRARY = "libc++";
				CLANG_ENABLE_MODULES = YES;
				CLANG_ENABLE_OBJC_ARC = YES;
				CLANG_ENABLE_OBJC_WEAK = YES;
				CLANG_WARN_BLOCK_CAPTURE_AUTORELEASING = YES;
				CLANG_WARN_BOOL_CONVERSION = YES;
				CLANG_WARN_COMMA = YES;
				CLANG_WARN_CONSTANT_CONVERSION = YES;
				CLANG_WARN_DEPRECATED_OBJC_IMPLEMENTATIONS = YES;
				CLANG_WARN_DIRECT_OBJC_ISA_USAGE = YES_ERROR;
				CLANG_WARN_DOCUMENTATION_COMMENTS = YES;
				CLANG_WARN_EMPTY_BODY = YES;
				CLANG_WARN_ENUM_CONVERSION = YES;
				CLANG_WARN_INFINITE_RECURSION = YES;
				CLANG_WARN_INT_CONVERSION = YES;
				CLANG_WARN_NON_LITERAL_NULL_CONVERSION = YES;
				CLANG_WARN_OBJC_IMPLICIT_RETAIN_SELF = YES;
				CLANG_WARN_OBJC_LITERAL_CONVERSION = YES;
				CLANG_WARN_OBJC_ROOT_CLASS = YES_ERROR;
				CLANG_WARN_RANGE_LOOP_ANALYSIS = YES;
				CLANG_WARN_STRICT_PROTOTYPES = YES;
				CLANG_WARN_SUSPICIOUS_MOVE = YES;
				CLANG_WARN_UNGUARDED_AVAILABILITY = YES_AGGRESSIVE;
				CLANG_WARN_UNREACHABLE_CODE = YES;
				CLANG_WARN__DUPLICATE_METHOD_MATCH = YES;
				CODE_SIGN_IDENTITY = "iPhone Developer";
				COPY_PHASE_STRIP = NO;
				DEBUG_INFORMATION_FORMAT = dwarf;
				ENABLE_STRICT_OBJC_MSGSEND = YES;
				ENABLE_TESTABILITY = YES;
				GCC_C_LANGUAGE_STANDARD = gnu11;
				GCC_DYNAMIC_NO_PIC = NO;
				GCC_NO_COMMON_BLOCKS = YES;
				GCC_OPTIMIZATION_LEVEL = 0;
				GCC_PREPROCESSOR_DEFINITIONS = (
					"DEBUG=1",
					"$(inherited)",
				);
				GCC_WARN_64_TO_32_BIT_CONVERSION = YES;
				GCC_WARN_ABOUT_RETURN_TYPE = YES_ERROR;
				GCC_WARN_UNDECLARED_SELECTOR = YES;
				GCC_WARN_UNINITIALIZED_AUTOS = YES_AGGRESSIVE;
				GCC_WARN_UNUSED_FUNCTION = YES;
				GCC_WARN_UNUSED_VARIABLE = YES;
				IPHONEOS_DEPLOYMENT_TARGET = 12.1;
				MTL_ENABLE_DEBUG_INFO = INCLUDE_SOURCE;
				MTL_FAST_MATH = YES;
				ONLY_ACTIVE_ARCH = YES;
				SDKROOT = iphoneos;
				SWIFT_ACTIVE_COMPILATION_CONDITIONS = DEBUG;
				SWIFT_OPTIMIZATION_LEVEL = "-Onone";
			};
			name = Debug;
		};
		DF937531223E664300B9E9DF /* Release */ = {
			isa = XCBuildConfiguration;
			buildSettings = {
				ALWAYS_SEARCH_USER_PATHS = NO;
				CLANG_ANALYZER_NONNULL = YES;
				CLANG_ANALYZER_NUMBER_OBJECT_CONVERSION = YES_AGGRESSIVE;
				CLANG_CXX_LANGUAGE_STANDARD = "gnu++14";
				CLANG_CXX_LIBRARY = "libc++";
				CLANG_ENABLE_MODULES = YES;
				CLANG_ENABLE_OBJC_ARC = YES;
				CLANG_ENABLE_OBJC_WEAK = YES;
				CLANG_WARN_BLOCK_CAPTURE_AUTORELEASING = YES;
				CLANG_WARN_BOOL_CONVERSION = YES;
				CLANG_WARN_COMMA = YES;
				CLANG_WARN_CONSTANT_CONVERSION = YES;
				CLANG_WARN_DEPRECATED_OBJC_IMPLEMENTATIONS = YES;
				CLANG_WARN_DIRECT_OBJC_ISA_USAGE = YES_ERROR;
				CLANG_WARN_DOCUMENTATION_COMMENTS = YES;
				CLANG_WARN_EMPTY_BODY = YES;
				CLANG_WARN_ENUM_CONVERSION = YES;
				CLANG_WARN_INFINITE_RECURSION = YES;
				CLANG_WARN_INT_CONVERSION = YES;
				CLANG_WARN_NON_LITERAL_NULL_CONVERSION = YES;
				CLANG_WARN_OBJC_IMPLICIT_RETAIN_SELF = YES;
				CLANG_WARN_OBJC_LITERAL_CONVERSION = YES;
				CLANG_WARN_OBJC_ROOT_CLASS = YES_ERROR;
				CLANG_WARN_RANGE_LOOP_ANALYSIS = YES;
				CLANG_WARN_STRICT_PROTOTYPES = YES;
				CLANG_WARN_SUSPICIOUS_MOVE = YES;
				CLANG_WARN_UNGUARDED_AVAILABILITY = YES_AGGRESSIVE;
				CLANG_WARN_UNREACHABLE_CODE = YES;
				CLANG_WARN__DUPLICATE_METHOD_MATCH = YES;
				CODE_SIGN_IDENTITY = "iPhone Developer";
				COPY_PHASE_STRIP = NO;
				DEBUG_INFORMATION_FORMAT = "dwarf-with-dsym";
				ENABLE_NS_ASSERTIONS = NO;
				ENABLE_STRICT_OBJC_MSGSEND = YES;
				GCC_C_LANGUAGE_STANDARD = gnu11;
				GCC_NO_COMMON_BLOCKS = YES;
				GCC_WARN_64_TO_32_BIT_CONVERSION = YES;
				GCC_WARN_ABOUT_RETURN_TYPE = YES_ERROR;
				GCC_WARN_UNDECLARED_SELECTOR = YES;
				GCC_WARN_UNINITIALIZED_AUTOS = YES_AGGRESSIVE;
				GCC_WARN_UNUSED_FUNCTION = YES;
				GCC_WARN_UNUSED_VARIABLE = YES;
				IPHONEOS_DEPLOYMENT_TARGET = 12.1;
				MTL_ENABLE_DEBUG_INFO = NO;
				MTL_FAST_MATH = YES;
				SDKROOT = iphoneos;
				SWIFT_COMPILATION_MODE = wholemodule;
				SWIFT_OPTIMIZATION_LEVEL = "-O";
				VALIDATE_PRODUCT = YES;
			};
			name = Release;
		};
		DF937533223E664300B9E9DF /* Debug */ = {
			isa = XCBuildConfiguration;
			buildSettings = {
				ASSETCATALOG_COMPILER_APPICON_NAME = AppIcon;
				CODE_SIGN_STYLE = Automatic;
				DEVELOPMENT_TEAM = 9BHVCJSB86;
				INFOPLIST_FILE = "10 years ago test/Info.plist";
				LD_RUNPATH_SEARCH_PATHS = (
					"$(inherited)",
					"@executable_path/Frameworks",
				);
				PRODUCT_BUNDLE_IDENTIFIER = "miron.-0-years-ago-test";
				PRODUCT_NAME = "$(TARGET_NAME)";
				SWIFT_VERSION = 4.2;
				TARGETED_DEVICE_FAMILY = "1,2";
			};
			name = Debug;
		};
		DF937534223E664300B9E9DF /* Release */ = {
			isa = XCBuildConfiguration;
			buildSettings = {
				ASSETCATALOG_COMPILER_APPICON_NAME = AppIcon;
				CODE_SIGN_STYLE = Automatic;
				DEVELOPMENT_TEAM = 9BHVCJSB86;
				INFOPLIST_FILE = "10 years ago test/Info.plist";
				LD_RUNPATH_SEARCH_PATHS = (
					"$(inherited)",
					"@executable_path/Frameworks",
				);
				PRODUCT_BUNDLE_IDENTIFIER = "miron.-0-years-ago-test";
				PRODUCT_NAME = "$(TARGET_NAME)";
				SWIFT_VERSION = 4.2;
				TARGETED_DEVICE_FAMILY = "1,2";
			};
			name = Release;
		};
/* End XCBuildConfiguration section */

/* Begin XCConfigurationList section */
		DF93751B223E663B00B9E9DF /* Build configuration list for PBXProject "10 years ago test" */ = {
			isa = XCConfigurationList;
			buildConfigurations = (
				DF937530223E664300B9E9DF /* Debug */,
				DF937531223E664300B9E9DF /* Release */,
			);
			defaultConfigurationIsVisible = 0;
			defaultConfigurationName = Release;
		};
		DF937532223E664300B9E9DF /* Build configuration list for PBXNativeTarget "10 years ago test" */ = {
			isa = XCConfigurationList;
			buildConfigurations = (
				DF937533223E664300B9E9DF /* Debug */,
				DF937534223E664300B9E9DF /* Release */,
			);
			defaultConfigurationIsVisible = 0;
			defaultConfigurationName = Release;
		};
/* End XCConfigurationList section */
	};
	rootObject = DF937518223E663B00B9E9DF /* Project object */;
}
